
Microsoft Visual Studio Solution File, Format Version 12.00
# Visual Studio Version 17
VisualStudioVersion = 17.5.33424.131
MinimumVisualStudioVersion = 10.0.40219.1
Project("{9A19103F-16F7-4668-BE54-9A1E7A4F7556}") = "Entities", "Entities\Entities.csproj", "{2F1BD9AB-5812-463D-B4E8-7ABDED01A846}"
EndProject
Project("{9A19103F-16F7-4668-BE54-9A1E7A4F7556}") = "DataAccsess", "DataAccsess\DataAccsess.csproj", "{A7C36126-C526-47AA-86DD-AE4E6533725D}"
EndProject
Project("{9A19103F-16F7-4668-BE54-9A1E7A4F7556}") = "Business", "Business\Business.csproj", "{C477A756-69C6-4C9B-B0CC-F58E0DD075DD}"
EndProject
Project("{FAE04EC0-301F-11D3-BF4B-00C04F79EFBC}") = "WebAPI", "WebAPI\WebAPI.csproj", "{F76C71AC-CCB8-486F-AB5E-23B6043D6C5E}"
EndProject
Global
	GlobalSection(SolutionConfigurationPlatforms) = preSolution
		Debug|Any CPU = Debug|Any CPU
		Release|Any CPU = Release|Any CPU
	EndGlobalSection
	GlobalSection(ProjectConfigurationPlatforms) = postSolution
		{2F1BD9AB-5812-463D-B4E8-7ABDED01A846}.Debug|Any CPU.ActiveCfg = Debug|Any CPU
		{2F1BD9AB-5812-463D-B4E8-7ABDED01A846}.Debug|Any CPU.Build.0 = Debug|Any CPU
		{2F1BD9AB-5812-463D-B4E8-7ABDED01A846}.Release|Any CPU.ActiveCfg = Release|Any CPU
		{2F1BD9AB-5812-463D-B4E8-7ABDED01A846}.Release|Any CPU.Build.0 = Release|Any CPU
		{A7C36126-C526-47AA-86DD-AE4E6533725D}.Debug|Any CPU.ActiveCfg = Debug|Any CPU
		{A7C36126-C526-47AA-86DD-AE4E6533725D}.Debug|Any CPU.Build.0 = Debug|Any CPU
		{A7C36126-C526-47AA-86DD-AE4E6533725D}.Release|Any CPU.ActiveCfg = Release|Any CPU
		{A7C36126-C526-47AA-86DD-AE4E6533725D}.Release|Any CPU.Build.0 = Release|Any CPU
		{C477A756-69C6-4C9B-B0CC-F58E0DD075DD}.Debug|Any CPU.ActiveCfg = Debug|Any CPU
		{C477A756-69C6-4C9B-B0CC-F58E0DD075DD}.Debug|Any CPU.Build.0 = Debug|Any CPU
		{C477A756-69C6-4C9B-B0CC-F58E0DD075DD}.Release|Any CPU.ActiveCfg = Release|Any CPU
		{C477A756-69C6-4C9B-B0CC-F58E0DD075DD}.Release|Any CPU.Build.0 = Release|Any CPU
		{F76C71AC-CCB8-486F-AB5E-23B6043D6C5E}.Debug|Any CPU.ActiveCfg = Debug|Any CPU
		{F76C71AC-CCB8-486F-AB5E-23B6043D6C5E}.Debug|Any CPU.Build.0 = Debug|Any CPU
		{F76C71AC-CCB8-486F-AB5E-23B6043D6C5E}.Release|Any CPU.ActiveCfg = Release|Any CPU
		{F76C71AC-CCB8-486F-AB5E-23B6043D6C5E}.Release|Any CPU.Build.0 = Release|Any CPU
	EndGlobalSection
	GlobalSection(SolutionProperties) = preSolution
		HideSolutionNode = FALSE
	EndGlobalSection
	GlobalSection(ExtensibilityGlobals) = postSolution
		SolutionGuid = {5B486CAB-7FC5-4C5E-A9BA-7E0A19F196DA}
	EndGlobalSection
EndGlobal
